
Microsoft Visual Studio Solution File, Format Version 12.00
# Visual Studio Version 17
VisualStudioVersion = 17.13.35806.99 d17.13
MinimumVisualStudioVersion = 10.0.40219.1
Project("{FAE04EC0-301F-11D3-BF4B-00C04F79EFBC}") = "HM_byDH", "HM_byDH\HM_byDH.csproj", "{B74C13A5-BE16-4309-A6CB-254608FA2F5B}"
EndProject
Global
	GlobalSection(SolutionConfigurationPlatforms) = preSolution
		Debug|Any CPU = Debug|Any CPU
		Release|Any CPU = Release|Any CPU
	EndGlobalSection
	GlobalSection(ProjectConfigurationPlatforms) = postSolution
		{B74C13A5-BE16-4309-A6CB-254608FA2F5B}.Debug|Any CPU.ActiveCfg = Debug|Any CPU
		{B74C13A5-BE16-4309-A6CB-254608FA2F5B}.Debug|Any CPU.Build.0 = Debug|Any CPU
		{B74C13A5-BE16-4309-A6CB-254608FA2F5B}.Release|Any CPU.ActiveCfg = Release|Any CPU
		{B74C13A5-BE16-4309-A6CB-254608FA2F5B}.Release|Any CPU.Build.0 = Release|Any CPU
	EndGlobalSection
	GlobalSection(SolutionProperties) = preSolution
		HideSolutionNode = FALSE
	EndGlobalSection
	GlobalSection(ExtensibilityGlobals) = postSolution
		SolutionGuid = {E7DF509A-93B6-4DA1-A8A7-A5A6D1C0FC0A}
	EndGlobalSection
EndGlobal
